{
    "_readme": [
        "This file locks the dependencies of your project to a known state",
        "Read more about it at http://getcomposer.org/doc/01-basic-usage.md#composer-lock-the-lock-file"
    ],
    "hash": "cfe1b010cd2785cdc44946cac12b13f5",
    "packages": [
        {
            "name": "composer/installers",
            "version": "dev-master",
            "source": {
                "type": "git",
                "url": "https://github.com/composer/installers.git",
                "reference": "9a1fd4e191beaa5cab79c05f923d8bcdd01b4e94"
            },
            "dist": {
                "type": "zip",
                "url": "https://api.github.com/repos/composer/installers/zipball/9a1fd4e191beaa5cab79c05f923d8bcdd01b4e94",
                "reference": "9a1fd4e191beaa5cab79c05f923d8bcdd01b4e94",
                "shasum": ""
            },
            "replace": {
                "shama/baton": "*"
            },
            "require-dev": {
                "composer/composer": "1.0.*@dev",
                "phpunit/phpunit": "3.7.*"
            },
            "type": "composer-installer",
            "extra": {
                "class": "Composer\\Installers\\Installer",
                "branch-alias": {
                    "dev-master": "1.0-dev"
                }
            },
            "autoload": {
                "psr-0": {
                    "Composer\\Installers\\": "src/"
                }
            },
            "notification-url": "https://packagist.org/downloads/",
            "license": [
                "MIT"
            ],
            "authors": [
                {
                    "name": "Kyle Robinson Young",
                    "email": "kyle@dontkry.com",
                    "homepage": "https://github.com/shama",
                    "role": "Developer"
                }
            ],
            "description": "A multi-framework Composer library installer",
            "homepage": "http://composer.github.com/installers/",
            "keywords": [
                "Craft",
                "Hurad",
                "MODX Evo",
                "OXID",
                "agl",
                "annotatecms",
                "cakephp",
                "codeigniter",
                "concrete5",
                "croogo",
                "drupal",
                "elgg",
                "fuelphp",
                "installer",
                "joomla",
                "kohana",
                "laravel",
                "lithium",
                "magento",
                "mako",
                "mediawiki",
                "modulework",
                "phpbb",
                "piwik",
                "ppi",
                "shopware",
                "silverstripe",
                "symfony",
                "typo3",
                "wordpress",
                "zend",
                "zikula"
            ],
            "time": "2014-02-12 21:21:55"
        },
        {
            "name": "voceconnect/panthor",
            "version": "dev-master",
            "source": {
                "type": "git",
                "url": "git@github.com:voceconnect/panthor.git",
                "reference": "c016f7c4d088de980ce53c49168f14a3541308a3"
            },
            "require": {
                "voceconnect/voce-post-meta": "~1.0",
                "voceconnect/voce-post-meta-colors": "~1.0",
                "voceconnect/voce-settings-api": "~0.4",
                "voceconnect/wp-dependencies": "~0.1",
                "wpackagist/simple-page-ordering": "~2.1",
                "wpackagist/wp-google-fonts": "9999999-dev",
                "wpackagist/wp-jquery-lightbox": "~1.4.5"
            },
            "type": "wordpress-theme",
            "extra": {
                "installer-paths": {
                    "vendor/{$name}/": [
                        "type:wordpress-plugin"
                    ]
                }
            },
            "description": "Panthor Single Page Theme Project",
            "time": "2014-02-14 15:44:24"
        },
        {
            "name": "voceconnect/voce-post-meta",
            "version": "v1.4.2",
            "source": {
                "type": "git",
                "url": "https://github.com/voceconnect/voce-post-meta.git",
                "reference": "ebdb07aeb79017bfee658fc1a7d60127e458a29b"
            },
            "dist": {
                "type": "zip",
                "url": "https://api.github.com/repos/voceconnect/voce-post-meta/zipball/ebdb07aeb79017bfee658fc1a7d60127e458a29b",
                "reference": "ebdb07aeb79017bfee658fc1a7d60127e458a29b",
                "shasum": ""
            },
            "type": "library",
            "autoload": {
                "files": [
                    "voce-post-meta.php"
                ]
            },
            "notification-url": "https://packagist.org/downloads/",
            "license": [
                "GPLv2+"
            ],
            "authors": [
                {
                    "name": "Michael Pretty",
                    "email": "mpretty@voceconnect.com"
                },
                {
                    "name": "Kevin Langley Jr",
                    "email": "klangley@voceconnect.com"
                },
                {
                    "name": "Jeff Stieler",
                    "email": "jeff@voceconnect.com"
                },
                {
                    "name": "Mark Parolisi",
                    "email": "mark@voceconnect.com"
                },
                {
                    "name": "Gary Smirny",
                    "email": "gary@voceconnect.com"
                }
            ],
            "description": "Easily create post metaboxes and add fields",
            "keywords": [
                "post meta",
                "wordpress"
            ],
            "time": "2014-01-02 20:55:53"
        },
        {
            "name": "voceconnect/voce-post-meta-colors",
            "version": "v1.0.1",
            "source": {
                "type": "git",
                "url": "https://github.com/voceconnect/voce-post-meta-colors.git",
                "reference": "5ea5e16d595a478df6814264a01775a5fea282e1"
            },
            "dist": {
                "type": "zip",
                "url": "https://api.github.com/repos/voceconnect/voce-post-meta-colors/zipball/5ea5e16d595a478df6814264a01775a5fea282e1",
                "reference": "5ea5e16d595a478df6814264a01775a5fea282e1",
                "shasum": ""
            },
            "require": {
                "voceconnect/voce-post-meta": "~1.4"
            },
            "type": "library",
            "autoload": {
                "files": [
                    "voce-post-meta-colors.php"
                ]
            },
            "notification-url": "https://packagist.org/downloads/",
            "license": [
                "GPLv2+"
            ],
            "authors": [
                {
                    "name": "Mark Parolisi",
                    "email": "mark@voceconnect.com"
                }
            ],
            "description": "Voce Post Meta plugin extension for creating color fields",
            "time": "2014-01-02 19:57:05"
        },
        {
            "name": "voceconnect/voce-settings-api",
            "version": "v0.4.2",
            "source": {
                "type": "git",
                "url": "https://github.com/voceconnect/voce-settings-api.git",
                "reference": "9c8066b1a26eb59a36a0ce8da0d4d0b2c581811f"
            },
            "dist": {
                "type": "zip",
                "url": "https://api.github.com/repos/voceconnect/voce-settings-api/zipball/9c8066b1a26eb59a36a0ce8da0d4d0b2c581811f",
                "reference": "9c8066b1a26eb59a36a0ce8da0d4d0b2c581811f",
                "shasum": ""
            },
            "type": "library",
            "autoload": {
                "files": [
                    "voce-settings-api.php"
                ]
            },
            "notification-url": "https://packagist.org/downloads/",
            "license": [
                "GPLv2+"
            ],
            "authors": [
                {
                    "name": "Michael Pretty",
                    "email": "mpretty@voceconnect.com"
                }
            ],
            "description": "A simplification of the core WordPress settings API",
            "time": "2013-11-27 17:19:08"
        },
        {
            "name": "voceconnect/wordpress",
            "version": "3.7.1",
            "source": {
                "type": "git",
                "url": "https://github.com/WordPress/WordPress",
                "reference": "3.7.1"
            },
            "dist": {
                "type": "zip",
                "url": "http://wordpress.org/wordpress-3.7.1.zip",
                "reference": null,
                "shasum": null
            },
            "require": {
                "composer/installers": "~1.0"
            },
            "type": "wordpress-plugin"
        },
        {
            "name": "voceconnect/wp-dependencies",
            "version": "v0.1.1",
            "source": {
                "type": "git",
                "url": "https://github.com/voceconnect/wp-dependencies.git",
                "reference": "4f3f58d5abef36b28bcdd8e97c3fef6687201d65"
            },
            "dist": {
                "type": "zip",
                "url": "https://api.github.com/repos/voceconnect/wp-dependencies/zipball/4f3f58d5abef36b28bcdd8e97c3fef6687201d65",
                "reference": "4f3f58d5abef36b28bcdd8e97c3fef6687201d65",
                "shasum": ""
            },
            "require": {
                "php": ">=5.2.4"
            },
            "type": "library",
            "autoload": {
                "classmap": [
                    "class-wp-dependency-loader.php"
                ],
                "files": [
                    "bootstrap.php"
                ]
            },
            "notification-url": "https://packagist.org/downloads/",
            "license": [
                "GPL-2.0+"
            ],
            "authors": [
                {
                    "name": "Michael Prettty",
                    "email": "mpretty@voceconnect.com"
                }
            ],
            "description": "A composer package for WordPress to help manage plugin dependencies.",
            "time": "2013-11-05 19:12:23"
        },
        {
            "name": "wpackagist/memcached",
            "version": "2.0",
            "dist": {
                "type": "zip",
                "url": "http://downloads.wordpress.org/plugin/memcached.2.0.zip",
                "reference": null,
                "shasum": null
            },
            "require": {
                "composer/installers": "~1.0"
            },
            "type": "wordpress-plugin",
            "homepage": "http://wordpress.org/extend/plugins/memcached"
        },
        {
            "name": "wpackagist/simple-page-ordering",
            "version": "2.1.2",
            "source": {
                "type": "svn",
                "url": "http://plugins.svn.wordpress.org/simple-page-ordering/",
                "reference": "tags/2.1.2"
            },
            "dist": {
                "type": "zip",
                "url": "http://downloads.wordpress.org/plugin/simple-page-ordering.2.1.2.zip",
                "reference": null,
                "shasum": null
            },
            "require": {
                "composer/installers": "~1.0"
            },
            "type": "wordpress-plugin",
            "homepage": "http://wordpress.org/extend/plugins/simple-page-ordering"
        },
        {
            "name": "wpackagist/wp-google-fonts",
            "version": "dev-trunk",
            "source": {
                "type": "svn",
                "url": "http://plugins.svn.wordpress.org/wp-google-fonts/",
                "reference": "trunk"
            },
            "dist": {
                "type": "zip",
                "url": "http://downloads.wordpress.org/plugin/wp-google-fonts.zip",
                "reference": null,
                "shasum": null
            },
            "require": {
                "composer/installers": "~1.0"
            },
            "type": "wordpress-plugin",
            "homepage": "http://wordpress.org/extend/plugins/wp-google-fonts",
            "time": "2013-11-02 01:28:31"
        },
        {
            "name": "wpackagist/wp-jquery-lightbox",
            "version": "1.4.5",
            "dist": {
                "type": "zip",
                "url": "http://downloads.wordpress.org/plugin/wp-jquery-lightbox.1.4.5.zip",
                "reference": null,
                "shasum": null
            },
            "require": {
                "composer/installers": "~1.0"
            },
            "type": "wordpress-plugin",
            "homepage": "http://wordpress.org/extend/plugins/wp-jquery-lightbox"
        }
    ],
    "packages-dev": [

    ],
    "aliases": [

    ],
    "minimum-stability": "dev",
    "stability-flags": {
        "voceconnect/panthor": 20
    },
    "platform": [

    ],
    "platform-dev": [

    ]
}
