{
    "_readme": [
        "This file locks the dependencies of your project to a known state",
        "Read more about it at http://getcomposer.org/doc/01-basic-usage.md#composer-lock-the-lock-file",
        "This file is @generated automatically"
    ],
    "hash": "e12c51044d0ef242501a154ab7f9efbf",
    "packages": [
        {
            "name": "composer/installers",
            "version": "dev-master",
            "source": {
                "type": "git",
                "url": "https://github.com/composer/installers.git",
                "reference": "74fb0a7a1a23696d9c8cc2fba5903f6711cdd067"
            },
            "dist": {
                "type": "zip",
                "url": "https://api.github.com/repos/composer/installers/zipball/74fb0a7a1a23696d9c8cc2fba5903f6711cdd067",
                "reference": "74fb0a7a1a23696d9c8cc2fba5903f6711cdd067",
                "shasum": ""
            },
            "replace": {
                "roundcube/plugin-installer": "*",
                "shama/baton": "*"
            },
            "require-dev": {
                "composer/composer": "1.0.*@dev",
                "phpunit/phpunit": "4.1.*"
            },
            "type": "composer-installer",
            "extra": {
                "class": "Composer\\Installers\\Installer",
                "branch-alias": {
                    "dev-master": "1.0-dev"
                }
            },
            "autoload": {
                "psr-0": {
                    "Composer\\Installers\\": "src/"
                }
            },
            "notification-url": "https://packagist.org/downloads/",
            "license": [
                "MIT"
            ],
            "authors": [
                {
                    "name": "Kyle Robinson Young",
                    "email": "kyle@dontkry.com",
                    "homepage": "https://github.com/shama"
                }
            ],
            "description": "A multi-framework Composer library installer",
            "homepage": "http://composer.github.com/installers/",
            "keywords": [
                "Craft",
                "Dolibarr",
                "Hurad",
                "MODX Evo",
                "OXID",
                "WolfCMS",
                "agl",
                "annotatecms",
                "bitrix",
                "cakephp",
                "chef",
                "codeigniter",
                "concrete5",
                "croogo",
                "drupal",
                "elgg",
                "fuelphp",
                "installer",
                "joomla",
                "kohana",
                "laravel",
                "lithium",
                "magento",
                "mako",
                "mediawiki",
                "modulework",
                "moodle",
                "phpbb",
                "piwik",
                "ppi",
                "puppet",
                "roundcube",
                "shopware",
                "silverstripe",
                "symfony",
                "typo3",
                "wordpress",
                "zend",
                "zikula"
            ],
            "time": "2014-08-18 20:00:12"
        },
        {
            "name": "voceconnect/custom-widget",
            "version": "0.1.6",
            "source": {
                "type": "git",
                "url": "git@github.com:voceconnect/custom-widget.git",
                "reference": "13258ca0b73b5e4fcc67e05138cf59cf897ddda8"
            },
            "type": "wordpress-plugin",
            "autoload": {
                "files": [
                    "custom-widget.php"
                ]
            },
            "license": [
                "GPL-3.0+"
            ],
            "authors": [
                {
                    "name": "Mat Gargano",
                    "email": "mat@voceconnect.com"
                }
            ],
            "description": "Customized widget that has inputs for a title, a CTA text and link, textarea and image with a template that can easily be customized using filters.",
            "keywords": [
                "widget",
                "wordpress"
            ],
            "time": "2014-06-19 14:06:52"
        },
        {
            "name": "voceconnect/panthor",
            "version": "dev-new-develop",
            "source": {
                "type": "git",
                "url": "git@github.com:voceconnect/panthor.git",
                "reference": "862a9139d265956f49eecc02782400eff157478b"
            },
            "require": {
                "voceconnect/custom-widget": "0.1.6",
                "voceconnect/voce-post-meta": "~1.0",
                "voceconnect/voce-post-meta-colors": "~1.0",
                "voceconnect/voce-post-meta-media": "~1.1.3",
                "voceconnect/voce-settings-api": "~0.4",
                "voceconnect/wp-dependencies": "~0.1",
                "wpackagist/black-studio-tinymce-widget": "~1.4.6",
                "wpackagist/featured-video-plus": "~1.9",
                "wpackagist/simple-page-ordering": "~2.1",
                "wpackagist/siteorigin-panels": "~1.5",
                "wpackagist/so-widgets-bundle": "~1.0.4",
                "wpackagist/wp-google-fonts": "9999999-dev",
                "wpackagist/wp-jquery-lightbox": "~1.4.5"
            },
            "type": "wordpress-theme",
            "extra": {
                "installer-paths": {
                    "vendor/{$name}/": [
                        "voceconnect/wp-dependencies",
                        "voceconnect/voce-post-meta",
                        "voceconnect/voce-post-meta-colors",
                        "voceconnect/voce-post-meta-media",
                        "voceconnect/voce-settings-api",
                        "wpackagist/wp-google-fonts",
                        "wpackagist/wp-jquery-lightbox"
                    ],
                    "../../plugins/{$name}/": [
                        "voceconnect/custom-widget",
                        "wpackagist/simple-page-ordering",
                        "wpackagist/siteorigin-panels",
                        "wpackagist/black-studio-tinymce-widget",
                        "wpackagist/so-widgets-bundle",
                        "wpackagist/featured-video-plus"
                    ]
                }
            },
            "description": "Panthor Single Page Theme Project",
            "time": "2014-07-31 03:11:57"
        },
        {
            "name": "voceconnect/voce-post-meta",
            "version": "1.6.0",
            "source": {
                "type": "git",
                "url": "https://github.com/voceconnect/voce-post-meta.git",
                "reference": "fb7c8ed15d422d131f89fa5b8919d6685f9945e1"
            },
            "dist": {
                "type": "zip",
                "url": "https://api.github.com/repos/voceconnect/voce-post-meta/zipball/fb7c8ed15d422d131f89fa5b8919d6685f9945e1",
                "reference": "fb7c8ed15d422d131f89fa5b8919d6685f9945e1",
                "shasum": ""
            },
            "type": "library",
            "autoload": {
                "files": [
                    "voce-post-meta.php"
                ]
            },
            "notification-url": "https://packagist.org/downloads/",
            "license": [
                "GPLv2+"
            ],
            "authors": [
                {
                    "name": "Kevin Langley Jr",
                    "email": "klangley@voceconnect.com"
                },
                {
                    "name": "Jeff Stieler",
                    "email": "jeff@voceconnect.com"
                },
                {
                    "name": "Mark Parolisi",
                    "email": "mark@voceconnect.com"
                },
                {
                    "name": "Gary Smirny",
                    "email": "gary@voceconnect.com"
                },
                {
                    "name": "Michael Pretty",
                    "email": "mpretty@voceconnect.com"
                }
            ],
            "description": "Easily create post metaboxes and add fields",
            "keywords": [
                "post meta",
                "wordpress"
            ],
            "time": "2014-09-02 18:36:53"
        },
        {
            "name": "voceconnect/voce-post-meta-colors",
            "version": "1.1",
            "source": {
                "type": "git",
                "url": "https://github.com/voceconnect/voce-post-meta-colors.git",
                "reference": "954c8277d792a150cce14d4cb4ce71802e5f68b8"
            },
            "dist": {
                "type": "zip",
                "url": "https://api.github.com/repos/voceconnect/voce-post-meta-colors/zipball/954c8277d792a150cce14d4cb4ce71802e5f68b8",
                "reference": "954c8277d792a150cce14d4cb4ce71802e5f68b8",
                "shasum": ""
            },
            "require": {
                "voceconnect/voce-post-meta": "~1.4"
            },
            "type": "library",
            "autoload": {
                "files": [
                    "voce-post-meta-colors.php"
                ]
            },
            "notification-url": "https://packagist.org/downloads/",
            "license": [
                "GPLv2+"
            ],
            "authors": [
                {
                    "name": "Mark Parolisi",
                    "email": "mark@voceconnect.com"
                }
            ],
            "description": "Voce Post Meta plugin extension for creating color fields",
            "time": "2014-08-05 20:08:47"
        },
        {
            "name": "voceconnect/voce-post-meta-media",
            "version": "1.1.3",
            "source": {
                "type": "git",
                "url": "https://github.com/voceconnect/voce-post-meta-media.git",
                "reference": "16bb40f1ee2e1c6fe59a63ad53acacb43cb4cd49"
            },
            "dist": {
                "type": "zip",
                "url": "https://api.github.com/repos/voceconnect/voce-post-meta-media/zipball/16bb40f1ee2e1c6fe59a63ad53acacb43cb4cd49",
                "reference": "16bb40f1ee2e1c6fe59a63ad53acacb43cb4cd49",
                "shasum": ""
            },
            "require": {
                "voceconnect/voce-post-meta": "~1.4"
            },
            "type": "library",
            "autoload": {
                "files": [
                    "voce-post-meta-media.php"
                ]
            },
            "notification-url": "https://packagist.org/downloads/",
            "license": [
                "GPLv2+"
            ],
            "authors": [
                {
                    "name": "Kevin Langley Jr",
                    "email": "klangley@voceconnect.com"
                },
                {
                    "name": "Mark Parolisi",
                    "email": "mark@voceconnect.com"
                },
                {
                    "name": "Gary Smirny",
                    "email": "gary@voceconnect.com"
                },
                {
                    "name": "Curtis Loisel",
                    "email": "curtis@voceconnect.com"
                }
            ],
            "description": "Extension of Voce Post Meta Plugin to create media meta fields",
            "time": "2014-03-11 20:59:46"
        },
        {
            "name": "voceconnect/voce-settings-api",
            "version": "0.4.9",
            "source": {
                "type": "git",
                "url": "https://github.com/voceconnect/voce-settings-api.git",
                "reference": "9e9ef75e558a8b296aca32175298eca2da94d62d"
            },
            "dist": {
                "type": "zip",
                "url": "https://api.github.com/repos/voceconnect/voce-settings-api/zipball/9e9ef75e558a8b296aca32175298eca2da94d62d",
                "reference": "9e9ef75e558a8b296aca32175298eca2da94d62d",
                "shasum": ""
            },
            "type": "library",
            "autoload": {
                "files": [
                    "voce-settings-api.php"
                ]
            },
            "notification-url": "https://packagist.org/downloads/",
            "license": [
                "GPLv2+"
            ],
            "authors": [
                {
                    "name": "Michael Pretty",
                    "email": "mpretty@voceconnect.com"
                }
            ],
            "description": "A simplification of the core WordPress settings API",
            "time": "2014-08-05 21:43:57"
        },
        {
            "name": "voceconnect/wordpress",
            "version": "3.9.2",
            "source": {
                "type": "git",
                "url": "https://github.com/WordPress/WordPress",
                "reference": "3.9.2"
            },
            "dist": {
                "type": "zip",
                "url": "http://wordpress.org/wordpress-3.9.2.zip",
                "reference": null,
                "shasum": null
            },
            "require": {
                "composer/installers": "~1.0"
            },
            "type": "wordpress-plugin"
        },
        {
            "name": "voceconnect/wp-dependencies",
            "version": "v0.1.2",
            "source": {
                "type": "git",
                "url": "https://github.com/voceconnect/wp-dependencies.git",
                "reference": "33c3cfc48be261275222c6c3e3866e325220d56d"
            },
            "dist": {
                "type": "zip",
                "url": "https://api.github.com/repos/voceconnect/wp-dependencies/zipball/33c3cfc48be261275222c6c3e3866e325220d56d",
                "reference": "33c3cfc48be261275222c6c3e3866e325220d56d",
                "shasum": ""
            },
            "require": {
                "php": ">=5.2.4"
            },
            "type": "library",
            "autoload": {
                "classmap": [
                    "class-wp-dependency-loader.php"
                ],
                "files": [
                    "bootstrap.php"
                ]
            },
            "notification-url": "https://packagist.org/downloads/",
            "license": [
                "GPL-2.0+"
            ],
            "authors": [
                {
                    "name": "Mike Pretty",
                    "email": "mpretty@voceconnect.com"
                }
            ],
            "description": "A composer package for WordPress to help manage plugin dependencies.",
            "time": "2014-04-25 13:01:40"
        },
        {
            "name": "wpackagist/black-studio-tinymce-widget",
            "version": "1.4.6",
            "source": {
                "type": "svn",
                "url": "http://plugins.svn.wordpress.org/black-studio-tinymce-widget/",
                "reference": "tags/1.4.6"
            },
            "dist": {
                "type": "zip",
                "url": "http://downloads.wordpress.org/plugin/black-studio-tinymce-widget.1.4.6.zip",
                "reference": null,
                "shasum": null
            },
            "require": {
                "composer/installers": "~1.0"
            },
            "type": "wordpress-plugin",
            "homepage": "http://wordpress.org/plugins/black-studio-tinymce-widget/"
        },
        {
            "name": "wpackagist/featured-video-plus",
            "version": "1.9",
            "source": {
                "type": "svn",
                "url": "http://plugins.svn.wordpress.org/featured-video-plus/",
                "reference": "tags/1.9"
            },
            "dist": {
                "type": "zip",
                "url": "http://downloads.wordpress.org/plugin/featured-video-plus.1.9.zip",
                "reference": null,
                "shasum": null
            },
            "require": {
                "composer/installers": "~1.0"
            },
            "type": "wordpress-plugin",
            "homepage": "http://wordpress.org/plugins/featured-video-plus/"
        },
        {
            "name": "wpackagist/memcached",
            "version": "2.0.2",
            "source": {
                "type": "svn",
                "url": "http://plugins.svn.wordpress.org/memcached/",
                "reference": "tags/2.0.2"
            },
            "dist": {
                "type": "zip",
                "url": "http://downloads.wordpress.org/plugin/memcached.2.0.2.zip",
                "reference": null,
                "shasum": null
            },
            "require": {
                "composer/installers": "~1.0"
            },
            "type": "wordpress-plugin",
            "homepage": "http://wordpress.org/plugins/memcached/"
        },
        {
            "name": "wpackagist/simple-page-ordering",
            "version": "2.2.2",
            "source": {
                "type": "svn",
                "url": "http://plugins.svn.wordpress.org/simple-page-ordering/",
                "reference": "tags/2.2.2"
            },
            "dist": {
                "type": "zip",
                "url": "http://downloads.wordpress.org/plugin/simple-page-ordering.2.2.2.zip",
                "reference": null,
                "shasum": null
            },
            "require": {
                "composer/installers": "~1.0"
            },
            "type": "wordpress-plugin",
            "homepage": "http://wordpress.org/plugins/simple-page-ordering/"
        },
        {
            "name": "wpackagist/siteorigin-panels",
            "version": "1.5",
            "source": {
                "type": "svn",
                "url": "http://plugins.svn.wordpress.org/siteorigin-panels/",
                "reference": "trunk"
            },
            "dist": {
                "type": "zip",
                "url": "http://downloads.wordpress.org/plugin/siteorigin-panels.zip",
                "reference": null,
                "shasum": null
            },
            "require": {
                "composer/installers": "~1.0"
            },
            "type": "wordpress-plugin",
            "homepage": "http://wordpress.org/plugins/siteorigin-panels/"
        },
        {
            "name": "wpackagist/so-widgets-bundle",
            "version": "1.0.4",
            "source": {
                "type": "svn",
                "url": "http://plugins.svn.wordpress.org/so-widgets-bundle/",
                "reference": "tags/1.0.4"
            },
            "dist": {
                "type": "zip",
                "url": "http://downloads.wordpress.org/plugin/so-widgets-bundle.1.0.4.zip",
                "reference": null,
                "shasum": null
            },
            "require": {
                "composer/installers": "~1.0"
            },
            "type": "wordpress-plugin",
            "homepage": "http://wordpress.org/plugins/so-widgets-bundle/"
        },
        {
            "name": "wpackagist/wp-google-fonts",
            "version": "dev-trunk",
            "source": {
                "type": "svn",
                "url": "http://plugins.svn.wordpress.org/wp-google-fonts/",
                "reference": "trunk"
            },
            "dist": {
                "type": "zip",
                "url": "http://downloads.wordpress.org/plugin/wp-google-fonts.zip",
                "reference": null,
                "shasum": null
            },
            "require": {
                "composer/installers": "~1.0"
            },
            "type": "wordpress-plugin",
            "homepage": "http://wordpress.org/plugins/wp-google-fonts/",
            "time": "2013-11-02 01:28:31"
        },
        {
            "name": "wpackagist/wp-jquery-lightbox",
            "version": "1.4.5",
            "dist": {
                "type": "zip",
                "url": "http://downloads.wordpress.org/plugin/wp-jquery-lightbox.1.4.5.zip",
                "reference": null,
                "shasum": null
            },
            "require": {
                "composer/installers": "~1.0"
            },
            "type": "wordpress-plugin",
            "homepage": "http://wordpress.org/extend/plugins/wp-jquery-lightbox"
        }
    ],
    "packages-dev": [

    ],
    "aliases": [

    ],
    "minimum-stability": "dev",
    "stability-flags": {
        "voceconnect/panthor": 20
    },
    "prefer-stable": false,
    "platform": [

    ],
    "platform-dev": [

    ]
}
