{
    "_readme": [
        "This file locks the dependencies of your project to a known state",
        "Read more about it at http://getcomposer.org/doc/01-basic-usage.md#composer-lock-the-lock-file"
    ],
    "hash": "32a0c61d565979ee743571f8632d5fe9",
    "packages": [
        {
            "name": "composer/installers",
            "version": "v1.0.7",
            "source": {
                "type": "git",
                "url": "https://github.com/composer/installers.git",
                "reference": "d792632d27e1980d921cbbba12eab7b888338d4c"
            },
            "dist": {
                "type": "zip",
                "url": "https://api.github.com/repos/composer/installers/zipball/d792632d27e1980d921cbbba12eab7b888338d4c",
                "reference": "d792632d27e1980d921cbbba12eab7b888338d4c",
                "shasum": ""
            },
            "replace": {
                "shama/baton": "*"
            },
            "require-dev": {
                "composer/composer": "1.0.*@dev",
                "phpunit/phpunit": "3.7.*"
            },
            "type": "composer-installer",
            "extra": {
                "class": "Composer\\Installers\\Installer",
                "branch-alias": {
                    "dev-master": "1.0-dev"
                }
            },
            "autoload": {
                "psr-0": {
                    "Composer\\Installers\\": "src/"
                }
            },
            "notification-url": "https://packagist.org/downloads/",
            "license": [
                "MIT"
            ],
            "authors": [
                {
                    "name": "Kyle Robinson Young",
                    "email": "kyle@dontkry.com",
                    "homepage": "https://github.com/shama",
                    "role": "Developer"
                }
            ],
            "description": "A multi-framework Composer library installer",
            "homepage": "http://composer.github.com/installers/",
            "keywords": [
                "TYPO3 CMS",
                "TYPO3 Flow",
                "TYPO3 Neos",
                "agl",
                "cakephp",
                "codeigniter",
                "concrete5",
                "drupal",
                "fuelphp",
                "installer",
                "joomla",
                "kohana",
                "laravel",
                "li3",
                "lithium",
                "mako",
                "modulework",
                "phpbb",
                "ppi",
                "silverstripe",
                "symfony",
                "wordpress",
                "zend"
            ],
            "time": "2013-10-24 16:13:49"
        },
        {
            "name": "voceconnect/panthor",
            "version": "dev-master",
            "source": {
                "type": "git",
                "url": "git@github.com:voceconnect/panthor.git",
                "reference": "3da6f7451b66389e1e5f5cfe7f376cf72074a0c0"
            },
            "require": {
                "voceconnect/voce-post-meta": "~1.0",
                "voceconnect/voce-post-meta-colors": "~1.0",
                "voceconnect/voce-settings-api": "~0.4",
                "wpackagist/wp-google-fonts": "9999999-dev",
                "wpackagist/wp-jquery-lightbox": "~1.4.5"
            },
            "type": "wordpress-theme",
            "extra": {
                "installer-paths": {
                    "vendor/{$name}/": [
                        "type:wordpress-plugin"
                    ]
                }
            },
            "description": "Panthor Single Page Theme Project",
            "time": "2013-11-18 18:51:40"
        },
        {
            "name": "voceconnect/voce-post-meta",
            "version": "v1.0.0",
            "source": {
                "type": "git",
                "url": "https://github.com/voceconnect/voce-post-meta.git",
                "reference": "ab080abedbe1be1559546e7dd0dea547507fc13b"
            },
            "dist": {
                "type": "zip",
                "url": "https://api.github.com/repos/voceconnect/voce-post-meta/zipball/ab080abedbe1be1559546e7dd0dea547507fc13b",
                "reference": "ab080abedbe1be1559546e7dd0dea547507fc13b",
                "shasum": ""
            },
            "type": "library",
            "autoload": {
                "files": [
                    "voce-post-meta.php"
                ]
            },
            "notification-url": "https://packagist.org/downloads/",
            "license": [
                "GPLv2+"
            ],
            "authors": [
                {
                    "name": "Michael Pretty",
                    "email": "mpretty@voceconnect.com"
                },
                {
                    "name": "Kevin Langley Jr",
                    "email": "klangley@voceconnect.com"
                },
                {
                    "name": "Jeff Stieler",
                    "email": "jeff@voceconnect.com"
                },
                {
                    "name": "Mark Parolisi",
                    "email": "mark@voceconnect.com"
                },
                {
                    "name": "Gary Smirny",
                    "email": "gary@voceconnect.com"
                }
            ],
            "description": "Easily create post metaboxes and add fields",
            "keywords": [
                "post meta",
                "wordpress"
            ],
            "time": "2013-10-31 13:29:10"
        },
        {
            "name": "voceconnect/voce-post-meta-colors",
            "version": "v1.0.0",
            "source": {
                "type": "git",
                "url": "https://github.com/voceconnect/voce-post-meta-colors.git",
                "reference": "613abc2f7ad81b42a1e2f683e45e49b989c0c63a"
            },
            "dist": {
                "type": "zip",
                "url": "https://api.github.com/repos/voceconnect/voce-post-meta-colors/zipball/613abc2f7ad81b42a1e2f683e45e49b989c0c63a",
                "reference": "613abc2f7ad81b42a1e2f683e45e49b989c0c63a",
                "shasum": ""
            },
            "type": "library",
            "autoload": {
                "files": [
                    "voce-post-meta-colors.php"
                ]
            },
            "notification-url": "https://packagist.org/downloads/",
            "license": [
                "GPLv2+"
            ],
            "authors": [
                {
                    "name": "Mark Parolisi",
                    "email": "mark@voceconnect.com"
                }
            ],
            "description": "Voce Post Meta plugin extension for creating color fields",
            "time": "2013-11-06 16:08:33"
        },
        {
            "name": "voceconnect/voce-settings-api",
            "version": "v0.4.0",
            "source": {
                "type": "git",
                "url": "https://github.com/voceconnect/voce-settings-api.git",
                "reference": "f7bf8018b6e26825a00aaf02eca896c0293d6a9a"
            },
            "dist": {
                "type": "zip",
                "url": "https://api.github.com/repos/voceconnect/voce-settings-api/zipball/f7bf8018b6e26825a00aaf02eca896c0293d6a9a",
                "reference": "f7bf8018b6e26825a00aaf02eca896c0293d6a9a",
                "shasum": ""
            },
            "type": "library",
            "autoload": {
                "files": [
                    "voce-settings-api.php"
                ]
            },
            "notification-url": "https://packagist.org/downloads/",
            "license": [
                "GPLv2+"
            ],
            "authors": [
                {
                    "name": "Michael Pretty",
                    "email": "mpretty@voceconnect.com"
                }
            ],
            "description": "A simplification of the core WordPress settings API",
            "time": "2013-11-07 15:51:04"
        },
        {
            "name": "voceconnect/wordpress",
            "version": "3.7.1",
            "source": {
                "type": "git",
                "url": "https://github.com/WordPress/WordPress",
                "reference": "3.7.1"
            },
            "dist": {
                "type": "zip",
                "url": "http://wordpress.org/wordpress-3.7.1.zip",
                "reference": null,
                "shasum": null
            },
            "require": {
                "composer/installers": "~1.0"
            },
            "type": "wordpress-plugin"
        },
        {
            "name": "wpackagist/memcached",
            "version": "2.0",
            "dist": {
                "type": "zip",
                "url": "http://downloads.wordpress.org/plugin/memcached.2.0.zip",
                "reference": null,
                "shasum": null
            },
            "require": {
                "composer/installers": "~1.0"
            },
            "type": "wordpress-plugin",
            "homepage": "http://wordpress.org/extend/plugins/memcached"
        },
        {
            "name": "wpackagist/wp-google-fonts",
            "version": "trunk",
            "dist": {
                "type": "zip",
                "url": "http://downloads.wordpress.org/plugin/wp-google-fonts.zip",
                "reference": null,
                "shasum": null
            },
            "require": {
                "composer/installers": "~1.0"
            },
            "type": "wordpress-plugin",
            "homepage": "http://wordpress.org/extend/plugins/wp-google-fonts"
        },
        {
            "name": "wpackagist/wp-jquery-lightbox",
            "version": "1.4.5",
            "dist": {
                "type": "zip",
                "url": "http://downloads.wordpress.org/plugin/wp-jquery-lightbox.1.4.5.zip",
                "reference": null,
                "shasum": null
            },
            "require": {
                "composer/installers": "~1.0"
            },
            "type": "wordpress-plugin",
            "homepage": "http://wordpress.org/extend/plugins/wp-jquery-lightbox"
        }
    ],
    "packages-dev": [

    ],
    "aliases": [

    ],
    "minimum-stability": "stable",
    "stability-flags": {
        "voceconnect/panthor": 20
    },
    "platform": [

    ],
    "platform-dev": [

    ]
}
